
Microsoft Visual Studio Solution File, Format Version 12.00
Project("{FAE04EC0-301F-11D3-BF4B-00C04F79EFBC}") = "MLNetExamples.Console", "MLNetExamples.Console\MLNetExamples.Console.csproj", "{86325FFB-5B60-4A72-8BA1-F9D80B641ECD}"
EndProject
Project("{FAE04EC0-301F-11D3-BF4B-00C04F79EFBC}") = "SentimentModel", "NLNetExamples.SentimentModel\SentimentModel\SentimentModel.csproj", "{5FABA894-398F-428D-A69D-563B40A964ED}"
EndProject
Global
	GlobalSection(SolutionConfigurationPlatforms) = preSolution
		Debug|Any CPU = Debug|Any CPU
		Release|Any CPU = Release|Any CPU
	EndGlobalSection
	GlobalSection(ProjectConfigurationPlatforms) = postSolution
		{86325FFB-5B60-4A72-8BA1-F9D80B641ECD}.Debug|Any CPU.ActiveCfg = Debug|Any CPU
		{86325FFB-5B60-4A72-8BA1-F9D80B641ECD}.Debug|Any CPU.Build.0 = Debug|Any CPU
		{86325FFB-5B60-4A72-8BA1-F9D80B641ECD}.Release|Any CPU.ActiveCfg = Release|Any CPU
		{86325FFB-5B60-4A72-8BA1-F9D80B641ECD}.Release|Any CPU.Build.0 = Release|Any CPU
		{5FABA894-398F-428D-A69D-563B40A964ED}.Debug|Any CPU.ActiveCfg = Debug|Any CPU
		{5FABA894-398F-428D-A69D-563B40A964ED}.Debug|Any CPU.Build.0 = Debug|Any CPU
		{5FABA894-398F-428D-A69D-563B40A964ED}.Release|Any CPU.ActiveCfg = Release|Any CPU
		{5FABA894-398F-428D-A69D-563B40A964ED}.Release|Any CPU.Build.0 = Release|Any CPU
	EndGlobalSection
EndGlobal
